
Microsoft Visual Studio Solution File, Format Version 12.00
# Visual Studio Version 17
VisualStudioVersion = 17.4.33110.190
MinimumVisualStudioVersion = 10.0.40219.1
Project("{9A19103F-16F7-4668-BE54-9A1E7A4F7556}") = "Taller-Kforce-Cars", "Taller-Kforce-Autos\Taller-Kforce-Cars.csproj", "{5898305B-6182-43CE-AF9B-E62013DD5D53}"
EndProject
Global
	GlobalSection(SolutionConfigurationPlatforms) = preSolution
		Debug|Any CPU = Debug|Any CPU
		Release|Any CPU = Release|Any CPU
	EndGlobalSection
	GlobalSection(ProjectConfigurationPlatforms) = postSolution
		{5898305B-6182-43CE-AF9B-E62013DD5D53}.Debug|Any CPU.ActiveCfg = Debug|Any CPU
		{5898305B-6182-43CE-AF9B-E62013DD5D53}.Debug|Any CPU.Build.0 = Debug|Any CPU
		{5898305B-6182-43CE-AF9B-E62013DD5D53}.Release|Any CPU.ActiveCfg = Release|Any CPU
		{5898305B-6182-43CE-AF9B-E62013DD5D53}.Release|Any CPU.Build.0 = Release|Any CPU
	EndGlobalSection
	GlobalSection(SolutionProperties) = preSolution
		HideSolutionNode = FALSE
	EndGlobalSection
	GlobalSection(ExtensibilityGlobals) = postSolution
		SolutionGuid = {F881ECA2-1477-42D7-93A8-6690A7DDF500}
	EndGlobalSection
EndGlobal
